
Microsoft Visual Studio Solution File, Format Version 12.00
# Visual Studio Version 17
VisualStudioVersion = 17.0.31903.59
MinimumVisualStudioVersion = 10.0.40219.1
Project("{FAE04EC0-301F-11D3-BF4B-00C04F79EFBC}") = "Frank.BedrockSlim.Server", "Frank.BedrockSlim.Server\Frank.BedrockSlim.Server.csproj", "{559A1252-5C77-47A9-9BB7-5F35E2A3C626}"
EndProject
Project("{FAE04EC0-301F-11D3-BF4B-00C04F79EFBC}") = "Frank.BedrockSlim.Client", "Frank.BedrockSlim.Client\Frank.BedrockSlim.Client.csproj", "{88C94D07-BC1F-4B54-8A70-5B9D24199F57}"
EndProject
Project("{FAE04EC0-301F-11D3-BF4B-00C04F79EFBC}") = "Frank.BedrockSlim.Server.Sample", "Frank.BedrockSlim.Server.Sample\Frank.BedrockSlim.Server.Sample.csproj", "{2DD5D85D-FC54-49D4-9E59-D267A2C68AE2}"
EndProject
Project("{2150E333-8FDC-42A3-9474-1A3956D46DE8}") = "Solution Items", "Solution Items", "{38CC1509-935D-4EAD-A1D8-9B2F228BF3C2}"
	ProjectSection(SolutionItems) = preProject
		.gitignore = .gitignore
		LICENSE = LICENSE
		README.md = README.md
		CONTRIBUTING.md = CONTRIBUTING.md
		Directory.Build.props = Directory.Build.props
		icon.png = icon.png
	EndProjectSection
EndProject
Project("{FAE04EC0-301F-11D3-BF4B-00C04F79EFBC}") = "Frank.BedrockSlim.Client.Sample", "Frank.BedrockSlim.Client.Sample\Frank.BedrockSlim.Client.Sample.csproj", "{BA1ED58E-5949-493B-8930-2E0A8E85A36B}"
EndProject
Project("{FAE04EC0-301F-11D3-BF4B-00C04F79EFBC}") = "Frank.BedrockSlim.Tests", "Frank.BedrockSlim.Tests\Frank.BedrockSlim.Tests.csproj", "{2FEFF9A8-8418-4A26-B1C3-2E32BBBF464B}"
EndProject
Global
	GlobalSection(SolutionConfigurationPlatforms) = preSolution
		Debug|Any CPU = Debug|Any CPU
		Release|Any CPU = Release|Any CPU
	EndGlobalSection
	GlobalSection(SolutionProperties) = preSolution
		HideSolutionNode = FALSE
	EndGlobalSection
	GlobalSection(ProjectConfigurationPlatforms) = postSolution
		{559A1252-5C77-47A9-9BB7-5F35E2A3C626}.Debug|Any CPU.ActiveCfg = Debug|Any CPU
		{559A1252-5C77-47A9-9BB7-5F35E2A3C626}.Debug|Any CPU.Build.0 = Debug|Any CPU
		{559A1252-5C77-47A9-9BB7-5F35E2A3C626}.Release|Any CPU.ActiveCfg = Release|Any CPU
		{559A1252-5C77-47A9-9BB7-5F35E2A3C626}.Release|Any CPU.Build.0 = Release|Any CPU
		{88C94D07-BC1F-4B54-8A70-5B9D24199F57}.Debug|Any CPU.ActiveCfg = Debug|Any CPU
		{88C94D07-BC1F-4B54-8A70-5B9D24199F57}.Debug|Any CPU.Build.0 = Debug|Any CPU
		{88C94D07-BC1F-4B54-8A70-5B9D24199F57}.Release|Any CPU.ActiveCfg = Release|Any CPU
		{88C94D07-BC1F-4B54-8A70-5B9D24199F57}.Release|Any CPU.Build.0 = Release|Any CPU
		{2DD5D85D-FC54-49D4-9E59-D267A2C68AE2}.Debug|Any CPU.ActiveCfg = Debug|Any CPU
		{2DD5D85D-FC54-49D4-9E59-D267A2C68AE2}.Debug|Any CPU.Build.0 = Debug|Any CPU
		{2DD5D85D-FC54-49D4-9E59-D267A2C68AE2}.Release|Any CPU.ActiveCfg = Release|Any CPU
		{2DD5D85D-FC54-49D4-9E59-D267A2C68AE2}.Release|Any CPU.Build.0 = Release|Any CPU
		{BA1ED58E-5949-493B-8930-2E0A8E85A36B}.Debug|Any CPU.ActiveCfg = Debug|Any CPU
		{BA1ED58E-5949-493B-8930-2E0A8E85A36B}.Debug|Any CPU.Build.0 = Debug|Any CPU
		{BA1ED58E-5949-493B-8930-2E0A8E85A36B}.Release|Any CPU.ActiveCfg = Release|Any CPU
		{BA1ED58E-5949-493B-8930-2E0A8E85A36B}.Release|Any CPU.Build.0 = Release|Any CPU
		{2FEFF9A8-8418-4A26-B1C3-2E32BBBF464B}.Debug|Any CPU.ActiveCfg = Debug|Any CPU
		{2FEFF9A8-8418-4A26-B1C3-2E32BBBF464B}.Debug|Any CPU.Build.0 = Debug|Any CPU
		{2FEFF9A8-8418-4A26-B1C3-2E32BBBF464B}.Release|Any CPU.ActiveCfg = Release|Any CPU
		{2FEFF9A8-8418-4A26-B1C3-2E32BBBF464B}.Release|Any CPU.Build.0 = Release|Any CPU
	EndGlobalSection
EndGlobal
