
Microsoft Visual Studio Solution File, Format Version 12.00
# Visual Studio Version 17
VisualStudioVersion = 17.0.31903.59
MinimumVisualStudioVersion = 10.0.40219.1
Project("{FAE04EC0-301F-11D3-BF4B-00C04F79EFBC}") = "Frank.BedrockSlim.Server", "Frank.BedrockSlim.Server\Frank.BedrockSlim.Server.csproj", "{559A1252-5C77-47A9-9BB7-5F35E2A3C626}"
EndProject
Project("{FAE04EC0-301F-11D3-BF4B-00C04F79EFBC}") = "Frank.BedrockSlim.Client", "Frank.BedrockSlim.Client\Frank.BedrockSlim.Client.csproj", "{88C94D07-BC1F-4B54-8A70-5B9D24199F57}"
EndProject
Project("{2150E333-8FDC-42A3-9474-1A3956D46DE8}") = "Solution Items", "Solution Items", "{38CC1509-935D-4EAD-A1D8-9B2F228BF3C2}"
	ProjectSection(SolutionItems) = preProject
		.gitignore = .gitignore
		LICENSE = LICENSE
		README.md = README.md
		CONTRIBUTING.md = CONTRIBUTING.md
		Directory.Build.props = Directory.Build.props
		icon.png = icon.png
	EndProjectSection
EndProject
Project("{FAE04EC0-301F-11D3-BF4B-00C04F79EFBC}") = "Frank.BedrockSlim.Tests", "Frank.BedrockSlim.Tests\Frank.BedrockSlim.Tests.csproj", "{2FEFF9A8-8418-4A26-B1C3-2E32BBBF464B}"
EndProject
Project("{2150E333-8FDC-42A3-9474-1A3956D46DE8}") = "Samples", "Samples", "{3DB1FB24-F7BE-4C8F-AFB7-08DD15C45002}"
	ProjectSection(SolutionItems) = preProject
		Samples\Directory.Build.props = Samples\Directory.Build.props
		Samples\run-samples.ps1 = Samples\run-samples.ps1
	EndProjectSection
EndProject
Project("{FAE04EC0-301F-11D3-BF4B-00C04F79EFBC}") = "Frank.BedrockSlim.Client.Sample", "Samples\Frank.BedrockSlim.Client.Sample\Frank.BedrockSlim.Client.Sample.csproj", "{1B107BD4-E138-4437-A0D1-1684920B0F5B}"
EndProject
Project("{FAE04EC0-301F-11D3-BF4B-00C04F79EFBC}") = "Frank.BedrockSlim.Server.Sample", "Samples\Frank.BedrockSlim.Server.Sample\Frank.BedrockSlim.Server.Sample.csproj", "{6436E09C-2DBB-4101-836A-DF534211C995}"
EndProject
Project("{FAE04EC0-301F-11D3-BF4B-00C04F79EFBC}") = "Frank.BedrockSlim.Cryptography", "Frank.BedrockSlim.Cryptography\Frank.BedrockSlim.Cryptography.csproj", "{1838B72A-290F-475E-81A8-58CA85971A0D}"
EndProject
Global
	GlobalSection(SolutionConfigurationPlatforms) = preSolution
		Debug|Any CPU = Debug|Any CPU
		Release|Any CPU = Release|Any CPU
	EndGlobalSection
	GlobalSection(SolutionProperties) = preSolution
		HideSolutionNode = FALSE
	EndGlobalSection
	GlobalSection(ProjectConfigurationPlatforms) = postSolution
		{559A1252-5C77-47A9-9BB7-5F35E2A3C626}.Debug|Any CPU.ActiveCfg = Debug|Any CPU
		{559A1252-5C77-47A9-9BB7-5F35E2A3C626}.Debug|Any CPU.Build.0 = Debug|Any CPU
		{559A1252-5C77-47A9-9BB7-5F35E2A3C626}.Release|Any CPU.ActiveCfg = Release|Any CPU
		{559A1252-5C77-47A9-9BB7-5F35E2A3C626}.Release|Any CPU.Build.0 = Release|Any CPU
		{88C94D07-BC1F-4B54-8A70-5B9D24199F57}.Debug|Any CPU.ActiveCfg = Debug|Any CPU
		{88C94D07-BC1F-4B54-8A70-5B9D24199F57}.Debug|Any CPU.Build.0 = Debug|Any CPU
		{88C94D07-BC1F-4B54-8A70-5B9D24199F57}.Release|Any CPU.ActiveCfg = Release|Any CPU
		{88C94D07-BC1F-4B54-8A70-5B9D24199F57}.Release|Any CPU.Build.0 = Release|Any CPU
		{2FEFF9A8-8418-4A26-B1C3-2E32BBBF464B}.Debug|Any CPU.ActiveCfg = Debug|Any CPU
		{2FEFF9A8-8418-4A26-B1C3-2E32BBBF464B}.Debug|Any CPU.Build.0 = Debug|Any CPU
		{2FEFF9A8-8418-4A26-B1C3-2E32BBBF464B}.Release|Any CPU.ActiveCfg = Release|Any CPU
		{2FEFF9A8-8418-4A26-B1C3-2E32BBBF464B}.Release|Any CPU.Build.0 = Release|Any CPU
		{1B107BD4-E138-4437-A0D1-1684920B0F5B}.Debug|Any CPU.ActiveCfg = Debug|Any CPU
		{1B107BD4-E138-4437-A0D1-1684920B0F5B}.Debug|Any CPU.Build.0 = Debug|Any CPU
		{1B107BD4-E138-4437-A0D1-1684920B0F5B}.Release|Any CPU.ActiveCfg = Release|Any CPU
		{1B107BD4-E138-4437-A0D1-1684920B0F5B}.Release|Any CPU.Build.0 = Release|Any CPU
		{6436E09C-2DBB-4101-836A-DF534211C995}.Debug|Any CPU.ActiveCfg = Debug|Any CPU
		{6436E09C-2DBB-4101-836A-DF534211C995}.Debug|Any CPU.Build.0 = Debug|Any CPU
		{6436E09C-2DBB-4101-836A-DF534211C995}.Release|Any CPU.ActiveCfg = Release|Any CPU
		{6436E09C-2DBB-4101-836A-DF534211C995}.Release|Any CPU.Build.0 = Release|Any CPU
		{1838B72A-290F-475E-81A8-58CA85971A0D}.Debug|Any CPU.ActiveCfg = Debug|Any CPU
		{1838B72A-290F-475E-81A8-58CA85971A0D}.Debug|Any CPU.Build.0 = Debug|Any CPU
		{1838B72A-290F-475E-81A8-58CA85971A0D}.Release|Any CPU.ActiveCfg = Release|Any CPU
		{1838B72A-290F-475E-81A8-58CA85971A0D}.Release|Any CPU.Build.0 = Release|Any CPU
	EndGlobalSection
	GlobalSection(NestedProjects) = preSolution
		{1B107BD4-E138-4437-A0D1-1684920B0F5B} = {3DB1FB24-F7BE-4C8F-AFB7-08DD15C45002}
		{6436E09C-2DBB-4101-836A-DF534211C995} = {3DB1FB24-F7BE-4C8F-AFB7-08DD15C45002}
	EndGlobalSection
EndGlobal
